
Microsoft Visual Studio Solution File, Format Version 12.00
# Visual Studio 2012
Project("{2150E333-8FDC-42A3-9474-1A3956D46DE8}") = "Utils", "Utils", "{01CF617C-A0EA-404D-A011-4BDF80523EDC}"
EndProject
Project("{2150E333-8FDC-42A3-9474-1A3956D46DE8}") = "Clients", "Clients", "{858ED111-AE4B-4FFB-822F-B3A4FDA8541F}"
EndProject
Project("{2150E333-8FDC-42A3-9474-1A3956D46DE8}") = "Services", "Services", "{B2C06DA0-5748-4F69-88F3-E3C1310BF9CD}"
EndProject
Project("{FAE04EC0-301F-11D3-BF4B-00C04F79EFBC}") = "DBCreator", "Utils\DBCreator\DBCreator.csproj", "{4F16647F-76AD-46B3-90ED-F04AAA70A271}"
EndProject
Project("{FAE04EC0-301F-11D3-BF4B-00C04F79EFBC}") = "CustomAuthenticationService", "Services\CustomAuthenticationService\CustomAuthenticationService.csproj", "{344BE512-C331-459E-8357-48D417AC5E96}"
EndProject
Project("{FAE04EC0-301F-11D3-BF4B-00C04F79EFBC}") = "ODataDemoServiceBase", "Services\ODataDemoServiceBase\ODataDemoServiceBase.csproj", "{77CB535A-F77A-4F9E-8562-99B976684DB7}"
EndProject
Project("{FAE04EC0-301F-11D3-BF4B-00C04F79EFBC}") = "UnSecuredDataService", "Services\UnSecuredDataService\UnSecuredDataService.csproj", "{D7867B2A-F09A-4331-9CC5-3E4B2ECCDED0}"
EndProject
Project("{FAE04EC0-301F-11D3-BF4B-00C04F79EFBC}") = "WindowAuthenticationService", "Services\WindowAuthenticationService\WindowAuthenticationService.csproj", "{C0E1146E-F0A4-4DBB-BFAE-9ED74CD3C8EE}"
EndProject
Project("{FAE04EC0-301F-11D3-BF4B-00C04F79EFBC}") = "ConsoleClient", "Clients\ConsoleClient\ConsoleClient.csproj", "{D6FB3384-8A77-450B-86B2-19B6F37BEC25}"
EndProject
Project("{1B19158F-E398-40A6-8E3B-350508E125F1}") = "DXTremeClient", "Clients\DXTremeClient\DXTremeClient.dxjsproj", "{61F3EC2C-3F18-4827-9FCF-EB6D64822EAE}"
EndProject
Project("{2150E333-8FDC-42A3-9474-1A3956D46DE8}") = "XafWinClient", "XafWinClient", "{C15786EC-3B98-4E37-A801-0C5C1BFA7917}"
EndProject
Project("{FAE04EC0-301F-11D3-BF4B-00C04F79EFBC}") = "BusinessObjectsLibrary", "Clients\XafWinClient\BusinessObjectsLibrary\BusinessObjectsLibrary.csproj", "{8AC0D02C-34D4-40B4-BEC1-9E8AD12A8C23}"
EndProject
Project("{FAE04EC0-301F-11D3-BF4B-00C04F79EFBC}") = "XafWinClient.Module", "Clients\XafWinClient\XafWinClient.Module\XafWinClient.Module.csproj", "{D07C9FB1-D2EC-4ECE-AB64-60B87DB9A825}"
EndProject
Project("{FAE04EC0-301F-11D3-BF4B-00C04F79EFBC}") = "XafWinClient.Module.Win", "Clients\XafWinClient\XafWinClient.Module.Win\XafWinClient.Module.Win.csproj", "{072362F2-3199-46B2-AAC9-1BA30F125BE6}"
EndProject
Project("{FAE04EC0-301F-11D3-BF4B-00C04F79EFBC}") = "XafWinClient.Win", "Clients\XafWinClient\XafWinClient.Win\XafWinClient.Win.csproj", "{5CFACD07-A09F-4179-9D38-F2BC4A22D1B7}"
EndProject
Project("{FAE04EC0-301F-11D3-BF4B-00C04F79EFBC}") = "ConsoleHelper", "Utils\ConsoleHelper\ConsoleHelper.csproj", "{9E920203-6BD3-43D8-9C43-17F71CF01E2B}"
EndProject
Project("{FAE04EC0-301F-11D3-BF4B-00C04F79EFBC}") = "ClientServer_Remoting_CustomAuth.Server", "Services\ClientServer_Remoting_CustomAuth.Server\ClientServer_Remoting_CustomAuth.Server.csproj", "{77A06BE5-DB6A-41FA-BA31-01EE82761A62}"
EndProject
Global
	GlobalSection(SolutionConfigurationPlatforms) = preSolution
		Debug|Any CPU = Debug|Any CPU
		Debug|x86 = Debug|x86
		Release|Any CPU = Release|Any CPU
		Release|x86 = Release|x86
	EndGlobalSection
	GlobalSection(ProjectConfigurationPlatforms) = postSolution
		{4F16647F-76AD-46B3-90ED-F04AAA70A271}.Debug|Any CPU.ActiveCfg = Debug|Any CPU
		{4F16647F-76AD-46B3-90ED-F04AAA70A271}.Debug|Any CPU.Build.0 = Debug|Any CPU
		{4F16647F-76AD-46B3-90ED-F04AAA70A271}.Debug|x86.ActiveCfg = Debug|Any CPU
		{4F16647F-76AD-46B3-90ED-F04AAA70A271}.Release|Any CPU.ActiveCfg = Release|Any CPU
		{4F16647F-76AD-46B3-90ED-F04AAA70A271}.Release|Any CPU.Build.0 = Release|Any CPU
		{4F16647F-76AD-46B3-90ED-F04AAA70A271}.Release|x86.ActiveCfg = Release|Any CPU
		{344BE512-C331-459E-8357-48D417AC5E96}.Debug|Any CPU.ActiveCfg = Debug|Any CPU
		{344BE512-C331-459E-8357-48D417AC5E96}.Debug|Any CPU.Build.0 = Debug|Any CPU
		{344BE512-C331-459E-8357-48D417AC5E96}.Debug|x86.ActiveCfg = Debug|Any CPU
		{344BE512-C331-459E-8357-48D417AC5E96}.Release|Any CPU.ActiveCfg = Release|Any CPU
		{344BE512-C331-459E-8357-48D417AC5E96}.Release|Any CPU.Build.0 = Release|Any CPU
		{344BE512-C331-459E-8357-48D417AC5E96}.Release|x86.ActiveCfg = Release|Any CPU
		{77CB535A-F77A-4F9E-8562-99B976684DB7}.Debug|Any CPU.ActiveCfg = Debug|Any CPU
		{77CB535A-F77A-4F9E-8562-99B976684DB7}.Debug|Any CPU.Build.0 = Debug|Any CPU
		{77CB535A-F77A-4F9E-8562-99B976684DB7}.Debug|x86.ActiveCfg = Debug|Any CPU
		{77CB535A-F77A-4F9E-8562-99B976684DB7}.Release|Any CPU.ActiveCfg = Release|Any CPU
		{77CB535A-F77A-4F9E-8562-99B976684DB7}.Release|Any CPU.Build.0 = Release|Any CPU
		{77CB535A-F77A-4F9E-8562-99B976684DB7}.Release|x86.ActiveCfg = Release|Any CPU
		{D7867B2A-F09A-4331-9CC5-3E4B2ECCDED0}.Debug|Any CPU.ActiveCfg = Debug|Any CPU
		{D7867B2A-F09A-4331-9CC5-3E4B2ECCDED0}.Debug|Any CPU.Build.0 = Debug|Any CPU
		{D7867B2A-F09A-4331-9CC5-3E4B2ECCDED0}.Debug|x86.ActiveCfg = Debug|Any CPU
		{D7867B2A-F09A-4331-9CC5-3E4B2ECCDED0}.Release|Any CPU.ActiveCfg = Release|Any CPU
		{D7867B2A-F09A-4331-9CC5-3E4B2ECCDED0}.Release|Any CPU.Build.0 = Release|Any CPU
		{D7867B2A-F09A-4331-9CC5-3E4B2ECCDED0}.Release|x86.ActiveCfg = Release|Any CPU
		{C0E1146E-F0A4-4DBB-BFAE-9ED74CD3C8EE}.Debug|Any CPU.ActiveCfg = Debug|Any CPU
		{C0E1146E-F0A4-4DBB-BFAE-9ED74CD3C8EE}.Debug|Any CPU.Build.0 = Debug|Any CPU
		{C0E1146E-F0A4-4DBB-BFAE-9ED74CD3C8EE}.Debug|x86.ActiveCfg = Debug|Any CPU
		{C0E1146E-F0A4-4DBB-BFAE-9ED74CD3C8EE}.Release|Any CPU.ActiveCfg = Release|Any CPU
		{C0E1146E-F0A4-4DBB-BFAE-9ED74CD3C8EE}.Release|Any CPU.Build.0 = Release|Any CPU
		{C0E1146E-F0A4-4DBB-BFAE-9ED74CD3C8EE}.Release|x86.ActiveCfg = Release|Any CPU
		{D6FB3384-8A77-450B-86B2-19B6F37BEC25}.Debug|Any CPU.ActiveCfg = Debug|Any CPU
		{D6FB3384-8A77-450B-86B2-19B6F37BEC25}.Debug|Any CPU.Build.0 = Debug|Any CPU
		{D6FB3384-8A77-450B-86B2-19B6F37BEC25}.Debug|x86.ActiveCfg = Debug|Any CPU
		{D6FB3384-8A77-450B-86B2-19B6F37BEC25}.Release|Any CPU.ActiveCfg = Release|Any CPU
		{D6FB3384-8A77-450B-86B2-19B6F37BEC25}.Release|Any CPU.Build.0 = Release|Any CPU
		{D6FB3384-8A77-450B-86B2-19B6F37BEC25}.Release|x86.ActiveCfg = Release|Any CPU
		{61F3EC2C-3F18-4827-9FCF-EB6D64822EAE}.Debug|Any CPU.ActiveCfg = Debug|x86
		{61F3EC2C-3F18-4827-9FCF-EB6D64822EAE}.Debug|x86.ActiveCfg = Debug|x86
		{61F3EC2C-3F18-4827-9FCF-EB6D64822EAE}.Debug|x86.Build.0 = Debug|x86
		{61F3EC2C-3F18-4827-9FCF-EB6D64822EAE}.Release|Any CPU.ActiveCfg = Release|x86
		{61F3EC2C-3F18-4827-9FCF-EB6D64822EAE}.Release|x86.ActiveCfg = Release|x86
		{61F3EC2C-3F18-4827-9FCF-EB6D64822EAE}.Release|x86.Build.0 = Release|x86
		{8AC0D02C-34D4-40B4-BEC1-9E8AD12A8C23}.Debug|Any CPU.ActiveCfg = Debug|Any CPU
		{8AC0D02C-34D4-40B4-BEC1-9E8AD12A8C23}.Debug|Any CPU.Build.0 = Debug|Any CPU
		{8AC0D02C-34D4-40B4-BEC1-9E8AD12A8C23}.Debug|x86.ActiveCfg = Debug|Any CPU
		{8AC0D02C-34D4-40B4-BEC1-9E8AD12A8C23}.Release|Any CPU.ActiveCfg = Release|Any CPU
		{8AC0D02C-34D4-40B4-BEC1-9E8AD12A8C23}.Release|Any CPU.Build.0 = Release|Any CPU
		{8AC0D02C-34D4-40B4-BEC1-9E8AD12A8C23}.Release|x86.ActiveCfg = Release|Any CPU
		{D07C9FB1-D2EC-4ECE-AB64-60B87DB9A825}.Debug|Any CPU.ActiveCfg = Debug|Any CPU
		{D07C9FB1-D2EC-4ECE-AB64-60B87DB9A825}.Debug|Any CPU.Build.0 = Debug|Any CPU
		{D07C9FB1-D2EC-4ECE-AB64-60B87DB9A825}.Debug|x86.ActiveCfg = Debug|Any CPU
		{D07C9FB1-D2EC-4ECE-AB64-60B87DB9A825}.Release|Any CPU.ActiveCfg = Release|Any CPU
		{D07C9FB1-D2EC-4ECE-AB64-60B87DB9A825}.Release|Any CPU.Build.0 = Release|Any CPU
		{D07C9FB1-D2EC-4ECE-AB64-60B87DB9A825}.Release|x86.ActiveCfg = Release|Any CPU
		{072362F2-3199-46B2-AAC9-1BA30F125BE6}.Debug|Any CPU.ActiveCfg = Debug|Any CPU
		{072362F2-3199-46B2-AAC9-1BA30F125BE6}.Debug|Any CPU.Build.0 = Debug|Any CPU
		{072362F2-3199-46B2-AAC9-1BA30F125BE6}.Debug|x86.ActiveCfg = Debug|Any CPU
		{072362F2-3199-46B2-AAC9-1BA30F125BE6}.Release|Any CPU.ActiveCfg = Release|Any CPU
		{072362F2-3199-46B2-AAC9-1BA30F125BE6}.Release|Any CPU.Build.0 = Release|Any CPU
		{072362F2-3199-46B2-AAC9-1BA30F125BE6}.Release|x86.ActiveCfg = Release|Any CPU
		{5CFACD07-A09F-4179-9D38-F2BC4A22D1B7}.Debug|Any CPU.ActiveCfg = Debug|Any CPU
		{5CFACD07-A09F-4179-9D38-F2BC4A22D1B7}.Debug|Any CPU.Build.0 = Debug|Any CPU
		{5CFACD07-A09F-4179-9D38-F2BC4A22D1B7}.Debug|x86.ActiveCfg = Debug|Any CPU
		{5CFACD07-A09F-4179-9D38-F2BC4A22D1B7}.Release|Any CPU.ActiveCfg = Release|Any CPU
		{5CFACD07-A09F-4179-9D38-F2BC4A22D1B7}.Release|Any CPU.Build.0 = Release|Any CPU
		{5CFACD07-A09F-4179-9D38-F2BC4A22D1B7}.Release|x86.ActiveCfg = Release|Any CPU
		{9E920203-6BD3-43D8-9C43-17F71CF01E2B}.Debug|Any CPU.ActiveCfg = Debug|Any CPU
		{9E920203-6BD3-43D8-9C43-17F71CF01E2B}.Debug|Any CPU.Build.0 = Debug|Any CPU
		{9E920203-6BD3-43D8-9C43-17F71CF01E2B}.Debug|x86.ActiveCfg = Debug|Any CPU
		{9E920203-6BD3-43D8-9C43-17F71CF01E2B}.Release|Any CPU.ActiveCfg = Release|Any CPU
		{9E920203-6BD3-43D8-9C43-17F71CF01E2B}.Release|Any CPU.Build.0 = Release|Any CPU
		{9E920203-6BD3-43D8-9C43-17F71CF01E2B}.Release|x86.ActiveCfg = Release|Any CPU
		{77A06BE5-DB6A-41FA-BA31-01EE82761A62}.Debug|Any CPU.ActiveCfg = Debug|Any CPU
		{77A06BE5-DB6A-41FA-BA31-01EE82761A62}.Debug|Any CPU.Build.0 = Debug|Any CPU
		{77A06BE5-DB6A-41FA-BA31-01EE82761A62}.Debug|x86.ActiveCfg = Debug|Any CPU
		{77A06BE5-DB6A-41FA-BA31-01EE82761A62}.Release|Any CPU.ActiveCfg = Release|Any CPU
		{77A06BE5-DB6A-41FA-BA31-01EE82761A62}.Release|Any CPU.Build.0 = Release|Any CPU
		{77A06BE5-DB6A-41FA-BA31-01EE82761A62}.Release|x86.ActiveCfg = Release|Any CPU
	EndGlobalSection
	GlobalSection(SolutionProperties) = preSolution
		HideSolutionNode = FALSE
	EndGlobalSection
	GlobalSection(NestedProjects) = preSolution
		{4F16647F-76AD-46B3-90ED-F04AAA70A271} = {01CF617C-A0EA-404D-A011-4BDF80523EDC}
		{9E920203-6BD3-43D8-9C43-17F71CF01E2B} = {01CF617C-A0EA-404D-A011-4BDF80523EDC}
		{D6FB3384-8A77-450B-86B2-19B6F37BEC25} = {858ED111-AE4B-4FFB-822F-B3A4FDA8541F}
		{61F3EC2C-3F18-4827-9FCF-EB6D64822EAE} = {858ED111-AE4B-4FFB-822F-B3A4FDA8541F}
		{C15786EC-3B98-4E37-A801-0C5C1BFA7917} = {858ED111-AE4B-4FFB-822F-B3A4FDA8541F}
		{344BE512-C331-459E-8357-48D417AC5E96} = {B2C06DA0-5748-4F69-88F3-E3C1310BF9CD}
		{77CB535A-F77A-4F9E-8562-99B976684DB7} = {B2C06DA0-5748-4F69-88F3-E3C1310BF9CD}
		{D7867B2A-F09A-4331-9CC5-3E4B2ECCDED0} = {B2C06DA0-5748-4F69-88F3-E3C1310BF9CD}
		{C0E1146E-F0A4-4DBB-BFAE-9ED74CD3C8EE} = {B2C06DA0-5748-4F69-88F3-E3C1310BF9CD}
		{77A06BE5-DB6A-41FA-BA31-01EE82761A62} = {B2C06DA0-5748-4F69-88F3-E3C1310BF9CD}
		{8AC0D02C-34D4-40B4-BEC1-9E8AD12A8C23} = {C15786EC-3B98-4E37-A801-0C5C1BFA7917}
		{D07C9FB1-D2EC-4ECE-AB64-60B87DB9A825} = {C15786EC-3B98-4E37-A801-0C5C1BFA7917}
		{072362F2-3199-46B2-AAC9-1BA30F125BE6} = {C15786EC-3B98-4E37-A801-0C5C1BFA7917}
		{5CFACD07-A09F-4179-9D38-F2BC4A22D1B7} = {C15786EC-3B98-4E37-A801-0C5C1BFA7917}
	EndGlobalSection
EndGlobal
